// !$*UTF8*$!
{
	archiveVersion = 1;
	classes = {
	};
	objectVersion = 55;
	objects = {

/* Begin PBXBuildFile section */
		3F7C5EAD2D65F637008FAAD3 /* YellowsViewController.swift in Sources */ = {isa = PBXBuildFile; fileRef = 3F7C5EAC2D65F637008FAAD3 /* YellowsViewController.swift */; };
		3F7C5EAF2D65F65B008FAAD3 /* GreenViewController.swift in Sources */ = {isa = PBXBuildFile; fileRef = 3F7C5EAE2D65F65B008FAAD3 /* GreenViewController.swift */; };
		3F7C5EB12D65F66A008FAAD3 /* RedViewController.swift in Sources */ = {isa = PBXBuildFile; fileRef = 3F7C5EB02D65F66A008FAAD3 /* RedViewController.swift */; };
		3F7C5EB42D65FD43008FAAD3 /* TabBar.storyboard in Resources */ = {isa = PBXBuildFile; fileRef = 3F7C5EB32D65FD43008FAAD3 /* TabBar.storyboard */; };
		3F7C5EB62D66049D008FAAD3 /* TabBarViewController.swift in Sources */ = {isa = PBXBuildFile; fileRef = 3F7C5EB52D66049D008FAAD3 /* TabBarViewController.swift */; };
		3F85B4CA2D5F47A1008D880F /* AppDelegate.swift in Sources */ = {isa = PBXBuildFile; fileRef = 3F85B4C92D5F47A1008D880F /* AppDelegate.swift */; };
		3F85B4CC2D5F47A1008D880F /* SceneDelegate.swift in Sources */ = {isa = PBXBuildFile; fileRef = 3F85B4CB2D5F47A1008D880F /* SceneDelegate.swift */; };
		3F85B4CE2D5F47A1008D880F /* ViewController.swift in Sources */ = {isa = PBXBuildFile; fileRef = 3F85B4CD2D5F47A1008D880F /* ViewController.swift */; };
		3F85B4D12D5F47A1008D880F /* Main.storyboard in Resources */ = {isa = PBXBuildFile; fileRef = 3F85B4CF2D5F47A1008D880F /* Main.storyboard */; };
		3F85B4D32D5F47A2008D880F /* Assets.xcassets in Resources */ = {isa = PBXBuildFile; fileRef = 3F85B4D22D5F47A2008D880F /* Assets.xcassets */; };
		3F85B4D62D5F47A2008D880F /* LaunchScreen.storyboard in Resources */ = {isa = PBXBuildFile; fileRef = 3F85B4D42D5F47A2008D880F /* LaunchScreen.storyboard */; };
		3F85B4DE2D5F4A9E008D880F /* DrinkModel.swift in Sources */ = {isa = PBXBuildFile; fileRef = 3F85B4DD2D5F4A9E008D880F /* DrinkModel.swift */; };
		3F85B4E02D5F4C05008D880F /* DrinksApiManager.swift in Sources */ = {isa = PBXBuildFile; fileRef = 3F85B4DF2D5F4C05008D880F /* DrinksApiManager.swift */; };
		3F85B4E22D5F59FA008D880F /* MealModel.swift in Sources */ = {isa = PBXBuildFile; fileRef = 3F85B4E12D5F59FA008D880F /* MealModel.swift */; };
		3F85B4E42D5F5AA3008D880F /* MealsApiManager.swift in Sources */ = {isa = PBXBuildFile; fileRef = 3F85B4E32D5F5AA3008D880F /* MealsApiManager.swift */; };
		3F85B4E62D5F5C23008D880F /* MealsViewController.swift in Sources */ = {isa = PBXBuildFile; fileRef = 3F85B4E52D5F5C23008D880F /* MealsViewController.swift */; };
		3F85B4E92D5F60F8008D880F /* DrinkTableViewCell.swift in Sources */ = {isa = PBXBuildFile; fileRef = 3F85B4E72D5F60F8008D880F /* DrinkTableViewCell.swift */; };
		3F85B4EA2D5F60F8008D880F /* DrinkTableViewCell.xib in Resources */ = {isa = PBXBuildFile; fileRef = 3F85B4E82D5F60F8008D880F /* DrinkTableViewCell.xib */; };
		3FB72F1D2D5F760100195BF3 /* Kingfisher in Frameworks */ = {isa = PBXBuildFile; productRef = 3FB72F1C2D5F760100195BF3 /* Kingfisher */; };
		3FEC87362D635CF400B209C9 /* Meals.storyboard in Resources */ = {isa = PBXBuildFile; fileRef = 3FEC87352D635CF400B209C9 /* Meals.storyboard */; };
		3FEC873A2D63681000B209C9 /* MealTableViewCell.swift in Sources */ = {isa = PBXBuildFile; fileRef = 3FEC87382D63681000B209C9 /* MealTableViewCell.swift */; };
		3FEC873B2D63681000B209C9 /* MealTableViewCell.xib in Resources */ = {isa = PBXBuildFile; fileRef = 3FEC87392D63681000B209C9 /* MealTableViewCell.xib */; };
		3FEC873E2D6382A300B209C9 /* OnboardingPages.storyboard in Resources */ = {isa = PBXBuildFile; fileRef = 3FEC873D2D6382A300B209C9 /* OnboardingPages.storyboard */; };
/* End PBXBuildFile section */

/* Begin PBXFileReference section */
		3F7C5EAB2D65E5DE008FAAD3 /* YuseiMagic-Regular.ttf */ = {isa = PBXFileReference; lastKnownFileType = file; path = "YuseiMagic-Regular.ttf"; sourceTree = "<group>"; };
		3F7C5EAC2D65F637008FAAD3 /* YellowsViewController.swift */ = {isa = PBXFileReference; lastKnownFileType = sourcecode.swift; path = YellowsViewController.swift; sourceTree = "<group>"; };
		3F7C5EAE2D65F65B008FAAD3 /* GreenViewController.swift */ = {isa = PBXFileReference; lastKnownFileType = sourcecode.swift; path = GreenViewController.swift; sourceTree = "<group>"; };
		3F7C5EB02D65F66A008FAAD3 /* RedViewController.swift */ = {isa = PBXFileReference; lastKnownFileType = sourcecode.swift; path = RedViewController.swift; sourceTree = "<group>"; };
		3F7C5EB32D65FD43008FAAD3 /* TabBar.storyboard */ = {isa = PBXFileReference; lastKnownFileType = file.storyboard; path = TabBar.storyboard; sourceTree = "<group>"; };
		3F7C5EB52D66049D008FAAD3 /* TabBarViewController.swift */ = {isa = PBXFileReference; lastKnownFileType = sourcecode.swift; path = TabBarViewController.swift; sourceTree = "<group>"; };
		3F85B4C62D5F47A1008D880F /* Cafe.app */ = {isa = PBXFileReference; explicitFileType = wrapper.application; includeInIndex = 0; path = Cafe.app; sourceTree = BUILT_PRODUCTS_DIR; };
		3F85B4C92D5F47A1008D880F /* AppDelegate.swift */ = {isa = PBXFileReference; lastKnownFileType = sourcecode.swift; path = AppDelegate.swift; sourceTree = "<group>"; };
		3F85B4CB2D5F47A1008D880F /* SceneDelegate.swift */ = {isa = PBXFileReference; lastKnownFileType = sourcecode.swift; path = SceneDelegate.swift; sourceTree = "<group>"; };
		3F85B4CD2D5F47A1008D880F /* ViewController.swift */ = {isa = PBXFileReference; lastKnownFileType = sourcecode.swift; path = ViewController.swift; sourceTree = "<group>"; };
		3F85B4D02D5F47A1008D880F /* Base */ = {isa = PBXFileReference; lastKnownFileType = file.storyboard; name = Base; path = Base.lproj/Main.storyboard; sourceTree = "<group>"; };
		3F85B4D22D5F47A2008D880F /* Assets.xcassets */ = {isa = PBXFileReference; lastKnownFileType = folder.assetcatalog; path = Assets.xcassets; sourceTree = "<group>"; };
		3F85B4D52D5F47A2008D880F /* Base */ = {isa = PBXFileReference; lastKnownFileType = file.storyboard; name = Base; path = Base.lproj/LaunchScreen.storyboard; sourceTree = "<group>"; };
		3F85B4D72D5F47A2008D880F /* Info.plist */ = {isa = PBXFileReference; lastKnownFileType = text.plist.xml; path = Info.plist; sourceTree = "<group>"; };
		3F85B4DD2D5F4A9E008D880F /* DrinkModel.swift */ = {isa = PBXFileReference; lastKnownFileType = sourcecode.swift; path = DrinkModel.swift; sourceTree = "<group>"; };
		3F85B4DF2D5F4C05008D880F /* DrinksApiManager.swift */ = {isa = PBXFileReference; lastKnownFileType = sourcecode.swift; path = DrinksApiManager.swift; sourceTree = "<group>"; };
		3F85B4E12D5F59FA008D880F /* MealModel.swift */ = {isa = PBXFileReference; lastKnownFileType = sourcecode.swift; path = MealModel.swift; sourceTree = "<group>"; };
		3F85B4E32D5F5AA3008D880F /* MealsApiManager.swift */ = {isa = PBXFileReference; lastKnownFileType = sourcecode.swift; path = MealsApiManager.swift; sourceTree = "<group>"; };
		3F85B4E52D5F5C23008D880F /* MealsViewController.swift */ = {isa = PBXFileReference; lastKnownFileType = sourcecode.swift; path = MealsViewController.swift; sourceTree = "<group>"; };
		3F85B4E72D5F60F8008D880F /* DrinkTableViewCell.swift */ = {isa = PBXFileReference; lastKnownFileType = sourcecode.swift; path = DrinkTableViewCell.swift; sourceTree = "<group>"; };
		3F85B4E82D5F60F8008D880F /* DrinkTableViewCell.xib */ = {isa = PBXFileReference; lastKnownFileType = file.xib; path = DrinkTableViewCell.xib; sourceTree = "<group>"; };
		3FEC87352D635CF400B209C9 /* Meals.storyboard */ = {isa = PBXFileReference; lastKnownFileType = file.storyboard; path = Meals.storyboard; sourceTree = "<group>"; };
		3FEC87382D63681000B209C9 /* MealTableViewCell.swift */ = {isa = PBXFileReference; lastKnownFileType = sourcecode.swift; path = MealTableViewCell.swift; sourceTree = "<group>"; };
		3FEC87392D63681000B209C9 /* MealTableViewCell.xib */ = {isa = PBXFileReference; lastKnownFileType = file.xib; path = MealTableViewCell.xib; sourceTree = "<group>"; };
		3FEC873D2D6382A300B209C9 /* OnboardingPages.storyboard */ = {isa = PBXFileReference; lastKnownFileType = file.storyboard; path = OnboardingPages.storyboard; sourceTree = "<group>"; };
/* End PBXFileReference section */

/* Begin PBXFrameworksBuildPhase section */
		3F85B4C32D5F47A1008D880F /* Frameworks */ = {
			isa = PBXFrameworksBuildPhase;
			buildActionMask = 2147483647;
			files = (
				3FB72F1D2D5F760100195BF3 /* Kingfisher in Frameworks */,
			);
			runOnlyForDeploymentPostprocessing = 0;
		};
/* End PBXFrameworksBuildPhase section */

/* Begin PBXGroup section */
		3F7C5EAA2D65E57F008FAAD3 /* Fonts */ = {
			isa = PBXGroup;
			children = (
				3F7C5EAB2D65E5DE008FAAD3 /* YuseiMagic-Regular.ttf */,
			);
			path = Fonts;
			sourceTree = "<group>";
		};
		3F7C5EB22D65FC9B008FAAD3 /* TabBar */ = {
			isa = PBXGroup;
			children = (
				3F7C5EB32D65FD43008FAAD3 /* TabBar.storyboard */,
				3F7C5EB52D66049D008FAAD3 /* TabBarViewController.swift */,
			);
			path = TabBar;
			sourceTree = "<group>";
		};
		3F85B4BD2D5F47A1008D880F = {
			isa = PBXGroup;
			children = (
				3F85B4C82D5F47A1008D880F /* Cafe */,
				3F85B4C72D5F47A1008D880F /* Products */,
			);
			sourceTree = "<group>";
		};
		3F85B4C72D5F47A1008D880F /* Products */ = {
			isa = PBXGroup;
			children = (
				3F85B4C62D5F47A1008D880F /* Cafe.app */,
			);
			name = Products;
			sourceTree = "<group>";
		};
		3F85B4C82D5F47A1008D880F /* Cafe */ = {
			isa = PBXGroup;
			children = (
				3F7C5EB22D65FC9B008FAAD3 /* TabBar */,
				3F7C5EAA2D65E57F008FAAD3 /* Fonts */,
				3FEC873C2D637D5600B209C9 /* OnBoarding */,
				3FEC87372D63649B00B209C9 /* DrinkTableViewCell */,
				3F85B4C92D5F47A1008D880F /* AppDelegate.swift */,
				3F85B4CB2D5F47A1008D880F /* SceneDelegate.swift */,
				3F85B4CD2D5F47A1008D880F /* ViewController.swift */,
				3F85B4CF2D5F47A1008D880F /* Main.storyboard */,
				3F85B4D22D5F47A2008D880F /* Assets.xcassets */,
				3F85B4D42D5F47A2008D880F /* LaunchScreen.storyboard */,
				3F85B4D72D5F47A2008D880F /* Info.plist */,
				3F85B4DD2D5F4A9E008D880F /* DrinkModel.swift */,
				3F85B4DF2D5F4C05008D880F /* DrinksApiManager.swift */,
				3F85B4E12D5F59FA008D880F /* MealModel.swift */,
				3F85B4E32D5F5AA3008D880F /* MealsApiManager.swift */,
				3F85B4E52D5F5C23008D880F /* MealsViewController.swift */,
				3FEC87352D635CF400B209C9 /* Meals.storyboard */,
				3FEC87382D63681000B209C9 /* MealTableViewCell.swift */,
				3FEC87392D63681000B209C9 /* MealTableViewCell.xib */,
			);
			path = Cafe;
			sourceTree = "<group>";
		};
		3FEC87372D63649B00B209C9 /* DrinkTableViewCell */ = {
			isa = PBXGroup;
			children = (
				3F85B4E72D5F60F8008D880F /* DrinkTableViewCell.swift */,
				3F85B4E82D5F60F8008D880F /* DrinkTableViewCell.xib */,
			);
			path = DrinkTableViewCell;
			sourceTree = "<group>";
		};
		3FEC873C2D637D5600B209C9 /* OnBoarding */ = {
			isa = PBXGroup;
			children = (
				3FEC873D2D6382A300B209C9 /* OnboardingPages.storyboard */,
				3F7C5EAC2D65F637008FAAD3 /* YellowsViewController.swift */,
				3F7C5EAE2D65F65B008FAAD3 /* GreenViewController.swift */,
				3F7C5EB02D65F66A008FAAD3 /* RedViewController.swift */,
			);
			path = OnBoarding;
			sourceTree = "<group>";
		};
/* End PBXGroup section */

/* Begin PBXNativeTarget section */
		3F85B4C52D5F47A1008D880F /* Cafe */ = {
			isa = PBXNativeTarget;
			buildConfigurationList = 3F85B4DA2D5F47A2008D880F /* Build configuration list for PBXNativeTarget "Cafe" */;
			buildPhases = (
				3F85B4C22D5F47A1008D880F /* Sources */,
				3F85B4C32D5F47A1008D880F /* Frameworks */,
				3F85B4C42D5F47A1008D880F /* Resources */,
			);
			buildRules = (
			);
			dependencies = (
			);
			name = Cafe;
			packageProductDependencies = (
				3FB72F1C2D5F760100195BF3 /* Kingfisher */,
			);
			productName = Cafe;
			productReference = 3F85B4C62D5F47A1008D880F /* Cafe.app */;
			productType = "com.apple.product-type.application";
		};
/* End PBXNativeTarget section */

/* Begin PBXProject section */
		3F85B4BE2D5F47A1008D880F /* Project object */ = {
			isa = PBXProject;
			attributes = {
				BuildIndependentTargetsInParallel = 1;
				LastSwiftUpdateCheck = 1320;
				LastUpgradeCheck = 1320;
				TargetAttributes = {
					3F85B4C52D5F47A1008D880F = {
						CreatedOnToolsVersion = 13.2.1;
					};
				};
			};
			buildConfigurationList = 3F85B4C12D5F47A1008D880F /* Build configuration list for PBXProject "Cafe" */;
			compatibilityVersion = "Xcode 13.0";
			developmentRegion = en;
			hasScannedForEncodings = 0;
			knownRegions = (
				en,
				Base,
			);
			mainGroup = 3F85B4BD2D5F47A1008D880F;
			packageReferences = (
				3FB72F1B2D5F760100195BF3 /* XCRemoteSwiftPackageReference "Kingfisher" */,
			);
			productRefGroup = 3F85B4C72D5F47A1008D880F /* Products */;
			projectDirPath = "";
			projectRoot = "";
			targets = (
				3F85B4C52D5F47A1008D880F /* Cafe */,
			);
		};
/* End PBXProject section */

/* Begin PBXResourcesBuildPhase section */
		3F85B4C42D5F47A1008D880F /* Resources */ = {
			isa = PBXResourcesBuildPhase;
			buildActionMask = 2147483647;
			files = (
				3FEC87362D635CF400B209C9 /* Meals.storyboard in Resources */,
				3F85B4D62D5F47A2008D880F /* LaunchScreen.storyboard in Resources */,
				3FEC873B2D63681000B209C9 /* MealTableViewCell.xib in Resources */,
				3FEC873E2D6382A300B209C9 /* OnboardingPages.storyboard in Resources */,
				3F7C5EB42D65FD43008FAAD3 /* TabBar.storyboard in Resources */,
				3F85B4D32D5F47A2008D880F /* Assets.xcassets in Resources */,
				3F85B4EA2D5F60F8008D880F /* DrinkTableViewCell.xib in Resources */,
				3F85B4D12D5F47A1008D880F /* Main.storyboard in Resources */,
			);
			runOnlyForDeploymentPostprocessing = 0;
		};
/* End PBXResourcesBuildPhase section */

/* Begin PBXSourcesBuildPhase section */
		3F85B4C22D5F47A1008D880F /* Sources */ = {
			isa = PBXSourcesBuildPhase;
			buildActionMask = 2147483647;
			files = (
				3F7C5EAF2D65F65B008FAAD3 /* GreenViewController.swift in Sources */,
				3F85B4E02D5F4C05008D880F /* DrinksApiManager.swift in Sources */,
				3F85B4CE2D5F47A1008D880F /* ViewController.swift in Sources */,
				3F85B4E42D5F5AA3008D880F /* MealsApiManager.swift in Sources */,
				3F7C5EB62D66049D008FAAD3 /* TabBarViewController.swift in Sources */,
				3F7C5EB12D65F66A008FAAD3 /* RedViewController.swift in Sources */,
				3F85B4CA2D5F47A1008D880F /* AppDelegate.swift in Sources */,
				3FEC873A2D63681000B209C9 /* MealTableViewCell.swift in Sources */,
				3F85B4E92D5F60F8008D880F /* DrinkTableViewCell.swift in Sources */,
				3F7C5EAD2D65F637008FAAD3 /* YellowsViewController.swift in Sources */,
				3F85B4DE2D5F4A9E008D880F /* DrinkModel.swift in Sources */,
				3F85B4E62D5F5C23008D880F /* MealsViewController.swift in Sources */,
				3F85B4E22D5F59FA008D880F /* MealModel.swift in Sources */,
				3F85B4CC2D5F47A1008D880F /* SceneDelegate.swift in Sources */,
			);
			runOnlyForDeploymentPostprocessing = 0;
		};
/* End PBXSourcesBuildPhase section */

/* Begin PBXVariantGroup section */
		3F85B4CF2D5F47A1008D880F /* Main.storyboard */ = {
			isa = PBXVariantGroup;
			children = (
				3F85B4D02D5F47A1008D880F /* Base */,
			);
			name = Main.storyboard;
			sourceTree = "<group>";
		};
		3F85B4D42D5F47A2008D880F /* LaunchScreen.storyboard */ = {
			isa = PBXVariantGroup;
			children = (
				3F85B4D52D5F47A2008D880F /* Base */,
			);
			name = LaunchScreen.storyboard;
			sourceTree = "<group>";
		};
/* End PBXVariantGroup section */

/* Begin XCBuildConfiguration section */
		3F85B4D82D5F47A2008D880F /* Debug */ = {
			isa = XCBuildConfiguration;
			buildSettings = {
				ALWAYS_SEARCH_USER_PATHS = NO;
				CLANG_ANALYZER_NONNULL = YES;
				CLANG_ANALYZER_NUMBER_OBJECT_CONVERSION = YES_AGGRESSIVE;
				CLANG_CXX_LANGUAGE_STANDARD = "gnu++17";
				CLANG_CXX_LIBRARY = "libc++";
				CLANG_ENABLE_MODULES = YES;
				CLANG_ENABLE_OBJC_ARC = YES;
				CLANG_ENABLE_OBJC_WEAK = YES;
				CLANG_WARN_BLOCK_CAPTURE_AUTORELEASING = YES;
				CLANG_WARN_BOOL_CONVERSION = YES;
				CLANG_WARN_COMMA = YES;
				CLANG_WARN_CONSTANT_CONVERSION = YES;
				CLANG_WARN_DEPRECATED_OBJC_IMPLEMENTATIONS = YES;
				CLANG_WARN_DIRECT_OBJC_ISA_USAGE = YES_ERROR;
				CLANG_WARN_DOCUMENTATION_COMMENTS = YES;
				CLANG_WARN_EMPTY_BODY = YES;
				CLANG_WARN_ENUM_CONVERSION = YES;
				CLANG_WARN_INFINITE_RECURSION = YES;
				CLANG_WARN_INT_CONVERSION = YES;
				CLANG_WARN_NON_LITERAL_NULL_CONVERSION = YES;
				CLANG_WARN_OBJC_IMPLICIT_RETAIN_SELF = YES;
				CLANG_WARN_OBJC_LITERAL_CONVERSION = YES;
				CLANG_WARN_OBJC_ROOT_CLASS = YES_ERROR;
				CLANG_WARN_QUOTED_INCLUDE_IN_FRAMEWORK_HEADER = YES;
				CLANG_WARN_RANGE_LOOP_ANALYSIS = YES;
				CLANG_WARN_STRICT_PROTOTYPES = YES;
				CLANG_WARN_SUSPICIOUS_MOVE = YES;
				CLANG_WARN_UNGUARDED_AVAILABILITY = YES_AGGRESSIVE;
				CLANG_WARN_UNREACHABLE_CODE = YES;
				CLANG_WARN__DUPLICATE_METHOD_MATCH = YES;
				COPY_PHASE_STRIP = NO;
				DEBUG_INFORMATION_FORMAT = dwarf;
				ENABLE_STRICT_OBJC_MSGSEND = YES;
				ENABLE_TESTABILITY = YES;
				GCC_C_LANGUAGE_STANDARD = gnu11;
				GCC_DYNAMIC_NO_PIC = NO;
				GCC_NO_COMMON_BLOCKS = YES;
				GCC_OPTIMIZATION_LEVEL = 0;
				GCC_PREPROCESSOR_DEFINITIONS = (
					"DEBUG=1",
					"$(inherited)",
				);
				GCC_WARN_64_TO_32_BIT_CONVERSION = YES;
				GCC_WARN_ABOUT_RETURN_TYPE = YES_ERROR;
				GCC_WARN_UNDECLARED_SELECTOR = YES;
				GCC_WARN_UNINITIALIZED_AUTOS = YES_AGGRESSIVE;
				GCC_WARN_UNUSED_FUNCTION = YES;
				GCC_WARN_UNUSED_VARIABLE = YES;
				IPHONEOS_DEPLOYMENT_TARGET = 15.2;
				MTL_ENABLE_DEBUG_INFO = INCLUDE_SOURCE;
				MTL_FAST_MATH = YES;
				ONLY_ACTIVE_ARCH = YES;
				SDKROOT = iphoneos;
				SWIFT_ACTIVE_COMPILATION_CONDITIONS = DEBUG;
				SWIFT_OPTIMIZATION_LEVEL = "-Onone";
			};
			name = Debug;
		};
		3F85B4D92D5F47A2008D880F /* Release */ = {
			isa = XCBuildConfiguration;
			buildSettings = {
				ALWAYS_SEARCH_USER_PATHS = NO;
				CLANG_ANALYZER_NONNULL = YES;
				CLANG_ANALYZER_NUMBER_OBJECT_CONVERSION = YES_AGGRESSIVE;
				CLANG_CXX_LANGUAGE_STANDARD = "gnu++17";
				CLANG_CXX_LIBRARY = "libc++";
				CLANG_ENABLE_MODULES = YES;
				CLANG_ENABLE_OBJC_ARC = YES;
				CLANG_ENABLE_OBJC_WEAK = YES;
				CLANG_WARN_BLOCK_CAPTURE_AUTORELEASING = YES;
				CLANG_WARN_BOOL_CONVERSION = YES;
				CLANG_WARN_COMMA = YES;
				CLANG_WARN_CONSTANT_CONVERSION = YES;
				CLANG_WARN_DEPRECATED_OBJC_IMPLEMENTATIONS = YES;
				CLANG_WARN_DIRECT_OBJC_ISA_USAGE = YES_ERROR;
				CLANG_WARN_DOCUMENTATION_COMMENTS = YES;
				CLANG_WARN_EMPTY_BODY = YES;
				CLANG_WARN_ENUM_CONVERSION = YES;
				CLANG_WARN_INFINITE_RECURSION = YES;
				CLANG_WARN_INT_CONVERSION = YES;
				CLANG_WARN_NON_LITERAL_NULL_CONVERSION = YES;
				CLANG_WARN_OBJC_IMPLICIT_RETAIN_SELF = YES;
				CLANG_WARN_OBJC_LITERAL_CONVERSION = YES;
				CLANG_WARN_OBJC_ROOT_CLASS = YES_ERROR;
				CLANG_WARN_QUOTED_INCLUDE_IN_FRAMEWORK_HEADER = YES;
				CLANG_WARN_RANGE_LOOP_ANALYSIS = YES;
				CLANG_WARN_STRICT_PROTOTYPES = YES;
				CLANG_WARN_SUSPICIOUS_MOVE = YES;
				CLANG_WARN_UNGUARDED_AVAILABILITY = YES_AGGRESSIVE;
				CLANG_WARN_UNREACHABLE_CODE = YES;
				CLANG_WARN__DUPLICATE_METHOD_MATCH = YES;
				COPY_PHASE_STRIP = NO;
				DEBUG_INFORMATION_FORMAT = "dwarf-with-dsym";
				ENABLE_NS_ASSERTIONS = NO;
				ENABLE_STRICT_OBJC_MSGSEND = YES;
				GCC_C_LANGUAGE_STANDARD = gnu11;
				GCC_NO_COMMON_BLOCKS = YES;
				GCC_WARN_64_TO_32_BIT_CONVERSION = YES;
				GCC_WARN_ABOUT_RETURN_TYPE = YES_ERROR;
				GCC_WARN_UNDECLARED_SELECTOR = YES;
				GCC_WARN_UNINITIALIZED_AUTOS = YES_AGGRESSIVE;
				GCC_WARN_UNUSED_FUNCTION = YES;
				GCC_WARN_UNUSED_VARIABLE = YES;
				IPHONEOS_DEPLOYMENT_TARGET = 15.2;
				MTL_ENABLE_DEBUG_INFO = NO;
				MTL_FAST_MATH = YES;
				SDKROOT = iphoneos;
				SWIFT_COMPILATION_MODE = wholemodule;
				SWIFT_OPTIMIZATION_LEVEL = "-O";
				VALIDATE_PRODUCT = YES;
			};
			name = Release;
		};
		3F85B4DB2D5F47A2008D880F /* Debug */ = {
			isa = XCBuildConfiguration;
			buildSettings = {
				ASSETCATALOG_COMPILER_APPICON_NAME = AppIcon;
				ASSETCATALOG_COMPILER_GLOBAL_ACCENT_COLOR_NAME = AccentColor;
				CODE_SIGN_STYLE = Automatic;
				CURRENT_PROJECT_VERSION = 1;
				GENERATE_INFOPLIST_FILE = YES;
				INFOPLIST_FILE = Cafe/Info.plist;
				INFOPLIST_KEY_UIApplicationSupportsIndirectInputEvents = YES;
				INFOPLIST_KEY_UILaunchStoryboardName = LaunchScreen;
				INFOPLIST_KEY_UIMainStoryboardFile = Main;
				INFOPLIST_KEY_UISupportedInterfaceOrientations_iPad = "UIInterfaceOrientationPortrait UIInterfaceOrientationPortraitUpsideDown UIInterfaceOrientationLandscapeLeft UIInterfaceOrientationLandscapeRight";
				INFOPLIST_KEY_UISupportedInterfaceOrientations_iPhone = "UIInterfaceOrientationPortrait UIInterfaceOrientationLandscapeLeft UIInterfaceOrientationLandscapeRight";
				LD_RUNPATH_SEARCH_PATHS = (
					"$(inherited)",
					"@executable_path/Frameworks",
				);
				MARKETING_VERSION = 1.0;
				PRODUCT_BUNDLE_IDENTIFIER = V.O.Cafe;
				PRODUCT_NAME = "$(TARGET_NAME)";
				SWIFT_EMIT_LOC_STRINGS = YES;
				SWIFT_VERSION = 5.0;
				TARGETED_DEVICE_FAMILY = 1;
			};
			name = Debug;
		};
		3F85B4DC2D5F47A2008D880F /* Release */ = {
			isa = XCBuildConfiguration;
			buildSettings = {
				ASSETCATALOG_COMPILER_APPICON_NAME = AppIcon;
				ASSETCATALOG_COMPILER_GLOBAL_ACCENT_COLOR_NAME = AccentColor;
				CODE_SIGN_STYLE = Automatic;
				CURRENT_PROJECT_VERSION = 1;
				GENERATE_INFOPLIST_FILE = YES;
				INFOPLIST_FILE = Cafe/Info.plist;
				INFOPLIST_KEY_UIApplicationSupportsIndirectInputEvents = YES;
				INFOPLIST_KEY_UILaunchStoryboardName = LaunchScreen;
				INFOPLIST_KEY_UIMainStoryboardFile = Main;
				INFOPLIST_KEY_UISupportedInterfaceOrientations_iPad = "UIInterfaceOrientationPortrait UIInterfaceOrientationPortraitUpsideDown UIInterfaceOrientationLandscapeLeft UIInterfaceOrientationLandscapeRight";
				INFOPLIST_KEY_UISupportedInterfaceOrientations_iPhone = "UIInterfaceOrientationPortrait UIInterfaceOrientationLandscapeLeft UIInterfaceOrientationLandscapeRight";
				LD_RUNPATH_SEARCH_PATHS = (
					"$(inherited)",
					"@executable_path/Frameworks",
				);
				MARKETING_VERSION = 1.0;
				PRODUCT_BUNDLE_IDENTIFIER = V.O.Cafe;
				PRODUCT_NAME = "$(TARGET_NAME)";
				SWIFT_EMIT_LOC_STRINGS = YES;
				SWIFT_VERSION = 5.0;
				TARGETED_DEVICE_FAMILY = 1;
			};
			name = Release;
		};
/* End XCBuildConfiguration section */

/* Begin XCConfigurationList section */
		3F85B4C12D5F47A1008D880F /* Build configuration list for PBXProject "Cafe" */ = {
			isa = XCConfigurationList;
			buildConfigurations = (
				3F85B4D82D5F47A2008D880F /* Debug */,
				3F85B4D92D5F47A2008D880F /* Release */,
			);
			defaultConfigurationIsVisible = 0;
			defaultConfigurationName = Release;
		};
		3F85B4DA2D5F47A2008D880F /* Build configuration list for PBXNativeTarget "Cafe" */ = {
			isa = XCConfigurationList;
			buildConfigurations = (
				3F85B4DB2D5F47A2008D880F /* Debug */,
				3F85B4DC2D5F47A2008D880F /* Release */,
			);
			defaultConfigurationIsVisible = 0;
			defaultConfigurationName = Release;
		};
/* End XCConfigurationList section */

/* Begin XCRemoteSwiftPackageReference section */
		3FB72F1B2D5F760100195BF3 /* XCRemoteSwiftPackageReference "Kingfisher" */ = {
			isa = XCRemoteSwiftPackageReference;
			repositoryURL = "https://github.com/onevcat/Kingfisher";
			requirement = {
				kind = exactVersion;
				version = 6.0.0;
			};
		};
/* End XCRemoteSwiftPackageReference section */

/* Begin XCSwiftPackageProductDependency section */
		3FB72F1C2D5F760100195BF3 /* Kingfisher */ = {
			isa = XCSwiftPackageProductDependency;
			package = 3FB72F1B2D5F760100195BF3 /* XCRemoteSwiftPackageReference "Kingfisher" */;
			productName = Kingfisher;
		};
/* End XCSwiftPackageProductDependency section */
	};
	rootObject = 3F85B4BE2D5F47A1008D880F /* Project object */;
}
